<?xml version="1.0" encoding="UTF-8"?>
<!DOCTYPE plist PUBLIC "-//Apple//DTD PLIST 1.0//EN" "http://www.apple.com/DTDs/PropertyList-1.0.dtd">
<plist version="1.0">
<dict>
	<key>archiveVersion</key>
	<string>1</string>
	<key>classes</key>
	<dict/>
	<key>objectVersion</key>
	<string>46</string>
	<key>objects</key>
	<dict>
		<key>08419D12090B463EA3ED010D</key>
		<dict>
			<key>fileRef</key>
			<string>F444D7C92A094142A978E756</string>
			<key>isa</key>
			<string>PBXBuildFile</string>
		</dict>
		<key>0F36F295B9A867FC15CD20AF</key>
		<dict>
			<key>includeInIndex</key>
			<string>1</string>
			<key>isa</key>
			<string>PBXFileReference</string>
			<key>lastKnownFileType</key>
			<string>text.xcconfig</string>
			<key>name</key>
			<string>Pods-FyberChallengeTests.debug.xcconfig</string>
			<key>path</key>
			<string>Pods/Target Support Files/Pods-FyberChallengeTests/Pods-FyberChallengeTests.debug.xcconfig</string>
			<key>sourceTree</key>
			<string>&lt;group&gt;</string>
		</dict>
		<key>1E7BD22BD14E4CDF9B83765F</key>
		<dict>
			<key>buildActionMask</key>
			<string>2147483647</string>
			<key>files</key>
			<array/>
			<key>inputPaths</key>
			<array/>
			<key>isa</key>
			<string>PBXShellScriptBuildPhase</string>
			<key>name</key>
			<string>Check Pods Manifest.lock</string>
			<key>outputPaths</key>
			<array/>
			<key>runOnlyForDeploymentPostprocessing</key>
			<string>0</string>
			<key>shellPath</key>
			<string>/bin/sh</string>
			<key>shellScript</key>
			<string>diff "${PODS_ROOT}/../Podfile.lock" "${PODS_ROOT}/Manifest.lock" &gt; /dev/null
if [[ $? != 0 ]] ; then
    cat &lt;&lt; EOM
error: The sandbox is not in sync with the Podfile.lock. Run 'pod install' or update your CocoaPods installation.
EOM
    exit 1
fi
</string>
			<key>showEnvVarsInLog</key>
			<string>0</string>
		</dict>
		<key>3542E0A728494E2887FB96DB</key>
		<dict>
			<key>explicitFileType</key>
			<string>archive.ar</string>
			<key>includeInIndex</key>
			<string>0</string>
			<key>isa</key>
			<string>PBXFileReference</string>
			<key>path</key>
			<string>libPods-FyberChallenge.a</string>
			<key>sourceTree</key>
			<string>BUILT_PRODUCTS_DIR</string>
		</dict>
		<key>36A56A437CB94E79B9FF5FAB</key>
		<dict>
			<key>children</key>
			<array>
				<string>A379667A19E0B6BB009C22CE</string>
				<string>3542E0A728494E2887FB96DB</string>
				<string>F444D7C92A094142A978E756</string>
			</array>
			<key>isa</key>
			<string>PBXGroup</string>
			<key>name</key>
			<string>Frameworks</string>
			<key>sourceTree</key>
			<string>&lt;group&gt;</string>
		</dict>
		<key>39DE2FACC1CA9CA1CE78DC42</key>
		<dict>
			<key>includeInIndex</key>
			<string>1</string>
			<key>isa</key>
			<string>PBXFileReference</string>
			<key>lastKnownFileType</key>
			<string>text.xcconfig</string>
			<key>name</key>
			<string>Pods-FyberChallenge.release.xcconfig</string>
			<key>path</key>
			<string>Pods/Target Support Files/Pods-FyberChallenge/Pods-FyberChallenge.release.xcconfig</string>
			<key>sourceTree</key>
			<string>&lt;group&gt;</string>
		</dict>
		<key>3E83CC1B3F344FA086EEDA6A</key>
		<dict>
			<key>fileRef</key>
			<string>3542E0A728494E2887FB96DB</string>
			<key>isa</key>
			<string>PBXBuildFile</string>
		</dict>
		<key>3F075951C7B44EB08FC1DF30</key>
		<dict>
			<key>buildActionMask</key>
			<string>2147483647</string>
			<key>files</key>
			<array/>
			<key>inputPaths</key>
			<array/>
			<key>isa</key>
			<string>PBXShellScriptBuildPhase</string>
			<key>name</key>
			<string>Copy Pods Resources</string>
			<key>outputPaths</key>
			<array/>
			<key>runOnlyForDeploymentPostprocessing</key>
			<string>0</string>
			<key>shellPath</key>
			<string>/bin/sh</string>
			<key>shellScript</key>
			<string>"${SRCROOT}/Pods/Target Support Files/Pods-FyberChallengeTests/Pods-FyberChallengeTests-resources.sh"
</string>
			<key>showEnvVarsInLog</key>
			<string>0</string>
		</dict>
		<key>474DF18FE013C109C2B00820</key>
		<dict>
			<key>includeInIndex</key>
			<string>1</string>
			<key>isa</key>
			<string>PBXFileReference</string>
			<key>lastKnownFileType</key>
			<string>text.xcconfig</string>
			<key>name</key>
			<string>Pods-FyberChallengeTests.release.xcconfig</string>
			<key>path</key>
			<string>Pods/Target Support Files/Pods-FyberChallengeTests/Pods-FyberChallengeTests.release.xcconfig</string>
			<key>sourceTree</key>
			<string>&lt;group&gt;</string>
		</dict>
		<key>4C52BA4CB41B44E7B7CFE1A0</key>
		<dict>
			<key>buildActionMask</key>
			<string>2147483647</string>
			<key>files</key>
			<array/>
			<key>inputPaths</key>
			<array/>
			<key>isa</key>
			<string>PBXShellScriptBuildPhase</string>
			<key>name</key>
			<string>Copy Pods Resources</string>
			<key>outputPaths</key>
			<array/>
			<key>runOnlyForDeploymentPostprocessing</key>
			<string>0</string>
			<key>shellPath</key>
			<string>/bin/sh</string>
			<key>shellScript</key>
			<string>"${SRCROOT}/Pods/Target Support Files/Pods-FyberChallenge/Pods-FyberChallenge-resources.sh"
</string>
			<key>showEnvVarsInLog</key>
			<string>0</string>
		</dict>
		<key>5149289E68E4694EA725B3EE</key>
		<dict>
			<key>children</key>
			<array>
				<string>B19D41855F843BC091619DB7</string>
				<string>39DE2FACC1CA9CA1CE78DC42</string>
				<string>0F36F295B9A867FC15CD20AF</string>
				<string>474DF18FE013C109C2B00820</string>
			</array>
			<key>isa</key>
			<string>PBXGroup</string>
			<key>name</key>
			<string>Pods</string>
			<key>sourceTree</key>
			<string>&lt;group&gt;</string>
		</dict>
		<key>91923ACA23FD4F3ABA992718</key>
		<dict>
			<key>buildActionMask</key>
			<string>2147483647</string>
			<key>files</key>
			<array/>
			<key>inputPaths</key>
			<array/>
			<key>isa</key>
			<string>PBXShellScriptBuildPhase</string>
			<key>name</key>
			<string>Check Pods Manifest.lock</string>
			<key>outputPaths</key>
			<array/>
			<key>runOnlyForDeploymentPostprocessing</key>
			<string>0</string>
			<key>shellPath</key>
			<string>/bin/sh</string>
			<key>shellScript</key>
			<string>diff "${PODS_ROOT}/../Podfile.lock" "${PODS_ROOT}/Manifest.lock" &gt; /dev/null
if [[ $? != 0 ]] ; then
    cat &lt;&lt; EOM
error: The sandbox is not in sync with the Podfile.lock. Run 'pod install' or update your CocoaPods installation.
EOM
    exit 1
fi
</string>
			<key>showEnvVarsInLog</key>
			<string>0</string>
		</dict>
		<key>A33C23D319E1D2EE0012F78B</key>
		<dict>
			<key>children</key>
			<array>
				<string>A33C23D419E1D3100012F78B</string>
				<string>A33C23D519E1D3100012F78B</string>
				<string>A33C23D619E1D3100012F78B</string>
				<string>A33C23D719E1D3100012F78B</string>
			</array>
			<key>isa</key>
			<string>PBXGroup</string>
			<key>path</key>
			<string>UnitTests</string>
			<key>sourceTree</key>
			<string>&lt;group&gt;</string>
		</dict>
		<key>A33C23D419E1D3100012F78B</key>
		<dict>
			<key>fileEncoding</key>
			<string>4</string>
			<key>isa</key>
			<string>PBXFileReference</string>
			<key>lastKnownFileType</key>
			<string>sourcecode.c.objc</string>
			<key>path</key>
			<string>APIServiceTestCase.m</string>
			<key>sourceTree</key>
			<string>&lt;group&gt;</string>
		</dict>
		<key>A33C23D519E1D3100012F78B</key>
		<dict>
			<key>fileEncoding</key>
			<string>4</string>
			<key>isa</key>
			<string>PBXFileReference</string>
			<key>lastKnownFileType</key>
			<string>sourcecode.c.objc</string>
			<key>path</key>
			<string>FormControllerTestCase.m</string>
			<key>sourceTree</key>
			<string>&lt;group&gt;</string>
		</dict>
		<key>A33C23D619E1D3100012F78B</key>
		<dict>
			<key>fileEncoding</key>
			<string>4</string>
			<key>isa</key>
			<string>PBXFileReference</string>
			<key>lastKnownFileType</key>
			<string>sourcecode.c.objc</string>
			<key>path</key>
			<string>OfferWallTestCase.m</string>
			<key>sourceTree</key>
			<string>&lt;group&gt;</string>
		</dict>
		<key>A33C23D719E1D3100012F78B</key>
		<dict>
			<key>fileEncoding</key>
			<string>4</string>
			<key>isa</key>
			<string>PBXFileReference</string>
			<key>lastKnownFileType</key>
			<string>sourcecode.c.objc</string>
			<key>path</key>
			<string>OfferTestCase.m</string>
			<key>sourceTree</key>
			<string>&lt;group&gt;</string>
		</dict>
		<key>A33C23D819E1D3100012F78B</key>
		<dict>
			<key>fileRef</key>
			<string>A33C23D419E1D3100012F78B</string>
			<key>isa</key>
			<string>PBXBuildFile</string>
		</dict>
		<key>A33C23D919E1D3100012F78B</key>
		<dict>
			<key>fileRef</key>
			<string>A33C23D519E1D3100012F78B</string>
			<key>isa</key>
			<string>PBXBuildFile</string>
		</dict>
		<key>A33C23DA19E1D3100012F78B</key>
		<dict>
			<key>fileRef</key>
			<string>A33C23D619E1D3100012F78B</string>
			<key>isa</key>
			<string>PBXBuildFile</string>
		</dict>
		<key>A33C23DB19E1D3100012F78B</key>
		<dict>
			<key>fileRef</key>
			<string>A33C23D719E1D3100012F78B</string>
			<key>isa</key>
			<string>PBXBuildFile</string>
		</dict>
		<key>A33C23DC19E1D3370012F78B</key>
		<dict>
			<key>children</key>
			<array>
				<string>A33C23DD19E1D4E80012F78B</string>
				<string>A33C23E019E1E4EC0012F78B</string>
			</array>
			<key>isa</key>
			<string>PBXGroup</string>
			<key>path</key>
			<string>FunctionalTests</string>
			<key>sourceTree</key>
			<string>&lt;group&gt;</string>
		</dict>
		<key>A33C23DD19E1D4E80012F78B</key>
		<dict>
			<key>fileEncoding</key>
			<string>4</string>
			<key>isa</key>
			<string>PBXFileReference</string>
			<key>lastKnownFileType</key>
			<string>sourcecode.c.objc</string>
			<key>path</key>
			<string>FormControllerFunctionalTestCase.m</string>
			<key>sourceTree</key>
			<string>&lt;group&gt;</string>
		</dict>
		<key>A33C23DE19E1D4E80012F78B</key>
		<dict>
			<key>fileRef</key>
			<string>A33C23DD19E1D4E80012F78B</string>
			<key>isa</key>
			<string>PBXBuildFile</string>
		</dict>
		<key>A33C23E019E1E4EC0012F78B</key>
		<dict>
			<key>fileEncoding</key>
			<string>4</string>
			<key>isa</key>
			<string>PBXFileReference</string>
			<key>lastKnownFileType</key>
			<string>sourcecode.c.objc</string>
			<key>path</key>
			<string>OfferWallFunctionalTestCase.m</string>
			<key>sourceTree</key>
			<string>&lt;group&gt;</string>
		</dict>
		<key>A33C23E119E1E4EC0012F78B</key>
		<dict>
			<key>fileRef</key>
			<string>A33C23E019E1E4EC0012F78B</string>
			<key>isa</key>
			<string>PBXBuildFile</string>
		</dict>
		<key>A379663419E08017009C22CE</key>
		<dict>
			<key>children</key>
			<array>
				<string>A379663F19E08017009C22CE</string>
				<string>A379665919E08017009C22CE</string>
				<string>A379663E19E08017009C22CE</string>
				<string>36A56A437CB94E79B9FF5FAB</string>
				<string>5149289E68E4694EA725B3EE</string>
			</array>
			<key>isa</key>
			<string>PBXGroup</string>
			<key>sourceTree</key>
			<string>&lt;group&gt;</string>
		</dict>
		<key>A379663519E08017009C22CE</key>
		<dict>
			<key>attributes</key>
			<dict>
				<key>LastUpgradeCheck</key>
				<string>0600</string>
				<key>ORGANIZATIONNAME</key>
				<string>Bruno Rocha</string>
				<key>TargetAttributes</key>
				<dict>
					<key>A379663C19E08017009C22CE</key>
					<dict>
						<key>CreatedOnToolsVersion</key>
						<string>6.0.1</string>
						<key>DevelopmentTeam</key>
						<string>Z3XC7A7WYQ</string>
					</dict>
					<key>A379665519E08017009C22CE</key>
					<dict>
						<key>CreatedOnToolsVersion</key>
						<string>6.0.1</string>
						<key>TestTargetID</key>
						<string>A379663C19E08017009C22CE</string>
					</dict>
				</dict>
			</dict>
			<key>buildConfigurationList</key>
			<string>A379663819E08017009C22CE</string>
			<key>compatibilityVersion</key>
			<string>Xcode 3.2</string>
			<key>developmentRegion</key>
			<string>English</string>
			<key>hasScannedForEncodings</key>
			<string>0</string>
			<key>isa</key>
			<string>PBXProject</string>
			<key>knownRegions</key>
			<array>
				<string>en</string>
				<string>Base</string>
			</array>
			<key>mainGroup</key>
			<string>A379663419E08017009C22CE</string>
			<key>productRefGroup</key>
			<string>A379663E19E08017009C22CE</string>
			<key>projectDirPath</key>
			<string></string>
			<key>projectReferences</key>
			<array/>
			<key>projectRoot</key>
			<string></string>
			<key>targets</key>
			<array>
				<string>A379663C19E08017009C22CE</string>
				<string>A379665519E08017009C22CE</string>
			</array>
		</dict>
		<key>A379663819E08017009C22CE</key>
		<dict>
			<key>buildConfigurations</key>
			<array>
				<string>A379665E19E08017009C22CE</string>
				<string>A379665F19E08017009C22CE</string>
			</array>
			<key>defaultConfigurationIsVisible</key>
			<string>0</string>
			<key>defaultConfigurationName</key>
			<string>Release</string>
			<key>isa</key>
			<string>XCConfigurationList</string>
		</dict>
		<key>A379663919E08017009C22CE</key>
		<dict>
			<key>buildActionMask</key>
			<string>2147483647</string>
			<key>files</key>
			<array>
				<string>A379664919E08017009C22CE</string>
				<string>A379668719E0D4DD009C22CE</string>
				<string>A379666E19E09931009C22CE</string>
				<string>A379664619E08017009C22CE</string>
				<string>A379666B19E08E83009C22CE</string>
				<string>A379667E19E0B7DB009C22CE</string>
				<string>A379667919E0A204009C22CE</string>
				<string>A379667219E09C41009C22CE</string>
				<string>A379664319E08017009C22CE</string>
				<string>A379668219E0BE8E009C22CE</string>
			</array>
			<key>isa</key>
			<string>PBXSourcesBuildPhase</string>
			<key>runOnlyForDeploymentPostprocessing</key>
			<string>0</string>
		</dict>
		<key>A379663A19E08017009C22CE</key>
		<dict>
			<key>buildActionMask</key>
			<string>2147483647</string>
			<key>files</key>
			<array>
				<string>A379667B19E0B6BB009C22CE</string>
				<string>3E83CC1B3F344FA086EEDA6A</string>
			</array>
			<key>isa</key>
			<string>PBXFrameworksBuildPhase</string>
			<key>runOnlyForDeploymentPostprocessing</key>
			<string>0</string>
		</dict>
		<key>A379663B19E08017009C22CE</key>
		<dict>
			<key>buildActionMask</key>
			<string>2147483647</string>
			<key>files</key>
			<array>
				<string>A379664C19E08017009C22CE</string>
				<string>A379668419E0CDF1009C22CE</string>
				<string>A379665119E08017009C22CE</string>
				<string>A379664E19E08017009C22CE</string>
			</array>
			<key>isa</key>
			<string>PBXResourcesBuildPhase</string>
			<key>runOnlyForDeploymentPostprocessing</key>
			<string>0</string>
		</dict>
		<key>A379663C19E08017009C22CE</key>
		<dict>
			<key>buildConfigurationList</key>
			<string>A379666019E08017009C22CE</string>
			<key>buildPhases</key>
			<array>
				<string>1E7BD22BD14E4CDF9B83765F</string>
				<string>A379663919E08017009C22CE</string>
				<string>A379663A19E08017009C22CE</string>
				<string>A379663B19E08017009C22CE</string>
				<string>4C52BA4CB41B44E7B7CFE1A0</string>
			</array>
			<key>buildRules</key>
			<array/>
			<key>dependencies</key>
			<array/>
			<key>isa</key>
			<string>PBXNativeTarget</string>
			<key>name</key>
			<string>FyberChallenge</string>
			<key>productName</key>
			<string>FyberChallenge</string>
			<key>productReference</key>
			<string>A379663D19E08017009C22CE</string>
			<key>productType</key>
			<string>com.apple.product-type.application</string>
		</dict>
		<key>A379663D19E08017009C22CE</key>
		<dict>
			<key>explicitFileType</key>
			<string>wrapper.application</string>
			<key>includeInIndex</key>
			<string>0</string>
			<key>isa</key>
			<string>PBXFileReference</string>
			<key>path</key>
			<string>FyberChallenge.app</string>
			<key>sourceTree</key>
			<string>BUILT_PRODUCTS_DIR</string>
		</dict>
		<key>A379663E19E08017009C22CE</key>
		<dict>
			<key>children</key>
			<array>
				<string>A379663D19E08017009C22CE</string>
				<string>A379665619E08017009C22CE</string>
			</array>
			<key>isa</key>
			<string>PBXGroup</string>
			<key>name</key>
			<string>Products</string>
			<key>sourceTree</key>
			<string>&lt;group&gt;</string>
		</dict>
		<key>A379663F19E08017009C22CE</key>
		<dict>
			<key>children</key>
			<array>
				<string>A379667F19E0BE66009C22CE</string>
				<string>A379667619E0A1FC009C22CE</string>
				<string>A379666F19E09C08009C22CE</string>
				<string>A379666819E08DDB009C22CE</string>
				<string>A379666719E0864B009C22CE</string>
				<string>A379666619E08636009C22CE</string>
				<string>A379664419E08017009C22CE</string>
				<string>A379664519E08017009C22CE</string>
				<string>A379664A19E08017009C22CE</string>
				<string>A379664D19E08017009C22CE</string>
				<string>A379664F19E08017009C22CE</string>
				<string>A379664019E08017009C22CE</string>
			</array>
			<key>isa</key>
			<string>PBXGroup</string>
			<key>path</key>
			<string>FyberChallenge</string>
			<key>sourceTree</key>
			<string>&lt;group&gt;</string>
		</dict>
		<key>A379664019E08017009C22CE</key>
		<dict>
			<key>children</key>
			<array>
				<string>A379664119E08017009C22CE</string>
				<string>A379664219E08017009C22CE</string>
			</array>
			<key>isa</key>
			<string>PBXGroup</string>
			<key>name</key>
			<string>Supporting Files</string>
			<key>sourceTree</key>
			<string>&lt;group&gt;</string>
		</dict>
		<key>A379664119E08017009C22CE</key>
		<dict>
			<key>isa</key>
			<string>PBXFileReference</string>
			<key>lastKnownFileType</key>
			<string>text.plist.xml</string>
			<key>path</key>
			<string>Info.plist</string>
			<key>sourceTree</key>
			<string>&lt;group&gt;</string>
		</dict>
		<key>A379664219E08017009C22CE</key>
		<dict>
			<key>isa</key>
			<string>PBXFileReference</string>
			<key>lastKnownFileType</key>
			<string>sourcecode.c.objc</string>
			<key>path</key>
			<string>main.m</string>
			<key>sourceTree</key>
			<string>&lt;group&gt;</string>
		</dict>
		<key>A379664319E08017009C22CE</key>
		<dict>
			<key>fileRef</key>
			<string>A379664219E08017009C22CE</string>
			<key>isa</key>
			<string>PBXBuildFile</string>
		</dict>
		<key>A379664419E08017009C22CE</key>
		<dict>
			<key>isa</key>
			<string>PBXFileReference</string>
			<key>lastKnownFileType</key>
			<string>sourcecode.c.h</string>
			<key>path</key>
			<string>AppDelegate.h</string>
			<key>sourceTree</key>
			<string>&lt;group&gt;</string>
		</dict>
		<key>A379664519E08017009C22CE</key>
		<dict>
			<key>isa</key>
			<string>PBXFileReference</string>
			<key>lastKnownFileType</key>
			<string>sourcecode.c.objc</string>
			<key>path</key>
			<string>AppDelegate.m</string>
			<key>sourceTree</key>
			<string>&lt;group&gt;</string>
		</dict>
		<key>A379664619E08017009C22CE</key>
		<dict>
			<key>fileRef</key>
			<string>A379664519E08017009C22CE</string>
			<key>isa</key>
			<string>PBXBuildFile</string>
		</dict>
		<key>A379664719E08017009C22CE</key>
		<dict>
			<key>isa</key>
			<string>PBXFileReference</string>
			<key>lastKnownFileType</key>
			<string>sourcecode.c.h</string>
			<key>name</key>
			<string>FormViewController.h</string>
			<key>path</key>
			<string>../FormViewController.h</string>
			<key>sourceTree</key>
			<string>&lt;group&gt;</string>
		</dict>
		<key>A379664819E08017009C22CE</key>
		<dict>
			<key>isa</key>
			<string>PBXFileReference</string>
			<key>lastKnownFileType</key>
			<string>sourcecode.c.objc</string>
			<key>name</key>
			<string>FormViewController.m</string>
			<key>path</key>
			<string>../FormViewController.m</string>
			<key>sourceTree</key>
			<string>&lt;group&gt;</string>
		</dict>
		<key>A379664919E08017009C22CE</key>
		<dict>
			<key>fileRef</key>
			<string>A379664819E08017009C22CE</string>
			<key>isa</key>
			<string>PBXBuildFile</string>
		</dict>
		<key>A379664A19E08017009C22CE</key>
		<dict>
			<key>children</key>
			<array>
				<string>A379664B19E08017009C22CE</string>
			</array>
			<key>isa</key>
			<string>PBXVariantGroup</string>
			<key>name</key>
			<string>Main.storyboard</string>
			<key>sourceTree</key>
			<string>&lt;group&gt;</string>
		</dict>
		<key>A379664B19E08017009C22CE</key>
		<dict>
			<key>isa</key>
			<string>PBXFileReference</string>
			<key>lastKnownFileType</key>
			<string>file.storyboard</string>
			<key>name</key>
			<string>Base</string>
			<key>path</key>
			<string>Base.lproj/Main.storyboard</string>
			<key>sourceTree</key>
			<string>&lt;group&gt;</string>
		</dict>
		<key>A379664C19E08017009C22CE</key>
		<dict>
			<key>fileRef</key>
			<string>A379664A19E08017009C22CE</string>
			<key>isa</key>
			<string>PBXBuildFile</string>
		</dict>
		<key>A379664D19E08017009C22CE</key>
		<dict>
			<key>isa</key>
			<string>PBXFileReference</string>
			<key>lastKnownFileType</key>
			<string>folder.assetcatalog</string>
			<key>path</key>
			<string>Images.xcassets</string>
			<key>sourceTree</key>
			<string>&lt;group&gt;</string>
		</dict>
		<key>A379664E19E08017009C22CE</key>
		<dict>
			<key>fileRef</key>
			<string>A379664D19E08017009C22CE</string>
			<key>isa</key>
			<string>PBXBuildFile</string>
		</dict>
		<key>A379664F19E08017009C22CE</key>
		<dict>
			<key>children</key>
			<array>
				<string>A379665019E08017009C22CE</string>
			</array>
			<key>isa</key>
			<string>PBXVariantGroup</string>
			<key>name</key>
			<string>LaunchScreen.xib</string>
			<key>sourceTree</key>
			<string>&lt;group&gt;</string>
		</dict>
		<key>A379665019E08017009C22CE</key>
		<dict>
			<key>isa</key>
			<string>PBXFileReference</string>
			<key>lastKnownFileType</key>
			<string>file.xib</string>
			<key>name</key>
			<string>Base</string>
			<key>path</key>
			<string>Base.lproj/LaunchScreen.xib</string>
			<key>sourceTree</key>
			<string>&lt;group&gt;</string>
		</dict>
		<key>A379665119E08017009C22CE</key>
		<dict>
			<key>fileRef</key>
			<string>A379664F19E08017009C22CE</string>
			<key>isa</key>
			<string>PBXBuildFile</string>
		</dict>
		<key>A379665219E08017009C22CE</key>
		<dict>
			<key>buildActionMask</key>
			<string>2147483647</string>
			<key>files</key>
			<array>
				<string>A33C23DB19E1D3100012F78B</string>
				<string>A33C23DE19E1D4E80012F78B</string>
				<string>A33C23D919E1D3100012F78B</string>
				<string>A33C23E119E1E4EC0012F78B</string>
				<string>A33C23DA19E1D3100012F78B</string>
				<string>A33C23D819E1D3100012F78B</string>
			</array>
			<key>isa</key>
			<string>PBXSourcesBuildPhase</string>
			<key>runOnlyForDeploymentPostprocessing</key>
			<string>0</string>
		</dict>
		<key>A379665319E08017009C22CE</key>
		<dict>
			<key>buildActionMask</key>
			<string>2147483647</string>
			<key>files</key>
			<array>
				<string>08419D12090B463EA3ED010D</string>
			</array>
			<key>isa</key>
			<string>PBXFrameworksBuildPhase</string>
			<key>runOnlyForDeploymentPostprocessing</key>
			<string>0</string>
		</dict>
		<key>A379665419E08017009C22CE</key>
		<dict>
			<key>buildActionMask</key>
			<string>2147483647</string>
			<key>files</key>
			<array/>
			<key>isa</key>
			<string>PBXResourcesBuildPhase</string>
			<key>runOnlyForDeploymentPostprocessing</key>
			<string>0</string>
		</dict>
		<key>A379665519E08017009C22CE</key>
		<dict>
			<key>buildConfigurationList</key>
			<string>A379666319E08017009C22CE</string>
			<key>buildPhases</key>
			<array>
				<string>91923ACA23FD4F3ABA992718</string>
				<string>A379665219E08017009C22CE</string>
				<string>A379665319E08017009C22CE</string>
				<string>A379665419E08017009C22CE</string>
				<string>3F075951C7B44EB08FC1DF30</string>
			</array>
			<key>buildRules</key>
			<array/>
			<key>dependencies</key>
			<array>
				<string>A379665819E08017009C22CE</string>
			</array>
			<key>isa</key>
			<string>PBXNativeTarget</string>
			<key>name</key>
			<string>FyberChallengeTests</string>
			<key>productName</key>
			<string>FyberChallengeTests</string>
			<key>productReference</key>
			<string>A379665619E08017009C22CE</string>
			<key>productType</key>
			<string>com.apple.product-type.bundle.unit-test</string>
		</dict>
		<key>A379665619E08017009C22CE</key>
		<dict>
			<key>explicitFileType</key>
			<string>wrapper.cfbundle</string>
			<key>includeInIndex</key>
			<string>0</string>
			<key>isa</key>
			<string>PBXFileReference</string>
			<key>path</key>
			<string>FyberChallengeTests.xctest</string>
			<key>sourceTree</key>
			<string>BUILT_PRODUCTS_DIR</string>
		</dict>
		<key>A379665719E08017009C22CE</key>
		<dict>
			<key>containerPortal</key>
			<string>A379663519E08017009C22CE</string>
			<key>isa</key>
			<string>PBXContainerItemProxy</string>
			<key>proxyType</key>
			<string>1</string>
			<key>remoteGlobalIDString</key>
			<string>A379663C19E08017009C22CE</string>
			<key>remoteInfo</key>
			<string>FyberChallenge</string>
		</dict>
		<key>A379665819E08017009C22CE</key>
		<dict>
			<key>isa</key>
			<string>PBXTargetDependency</string>
			<key>target</key>
			<string>A379663C19E08017009C22CE</string>
			<key>targetProxy</key>
			<string>A379665719E08017009C22CE</string>
		</dict>
		<key>A379665919E08017009C22CE</key>
		<dict>
			<key>children</key>
			<array>
				<string>A33C23DC19E1D3370012F78B</string>
				<string>A33C23D319E1D2EE0012F78B</string>
				<string>A379665A19E08017009C22CE</string>
			</array>
			<key>isa</key>
			<string>PBXGroup</string>
			<key>path</key>
			<string>FyberChallengeTests</string>
			<key>sourceTree</key>
			<string>&lt;group&gt;</string>
		</dict>
		<key>A379665A19E08017009C22CE</key>
		<dict>
			<key>children</key>
			<array>
				<string>A379665B19E08017009C22CE</string>
			</array>
			<key>isa</key>
			<string>PBXGroup</string>
			<key>name</key>
			<string>Supporting Files</string>
			<key>sourceTree</key>
			<string>&lt;group&gt;</string>
		</dict>
		<key>A379665B19E08017009C22CE</key>
		<dict>
			<key>isa</key>
			<string>PBXFileReference</string>
			<key>lastKnownFileType</key>
			<string>text.plist.xml</string>
			<key>path</key>
			<string>Info.plist</string>
			<key>sourceTree</key>
			<string>&lt;group&gt;</string>
		</dict>
		<key>A379665E19E08017009C22CE</key>
		<dict>
			<key>buildSettings</key>
			<dict>
				<key>ALWAYS_SEARCH_USER_PATHS</key>
				<string>NO</string>
				<key>CLANG_CXX_LANGUAGE_STANDARD</key>
				<string>gnu++0x</string>
				<key>CLANG_CXX_LIBRARY</key>
				<string>libc++</string>
				<key>CLANG_ENABLE_MODULES</key>
				<string>YES</string>
				<key>CLANG_ENABLE_OBJC_ARC</key>
				<string>YES</string>
				<key>CLANG_WARN_BOOL_CONVERSION</key>
				<string>YES</string>
				<key>CLANG_WARN_CONSTANT_CONVERSION</key>
				<string>YES</string>
				<key>CLANG_WARN_DIRECT_OBJC_ISA_USAGE</key>
				<string>YES_ERROR</string>
				<key>CLANG_WARN_EMPTY_BODY</key>
				<string>YES</string>
				<key>CLANG_WARN_ENUM_CONVERSION</key>
				<string>YES</string>
				<key>CLANG_WARN_INT_CONVERSION</key>
				<string>YES</string>
				<key>CLANG_WARN_OBJC_ROOT_CLASS</key>
				<string>YES_ERROR</string>
				<key>CLANG_WARN_UNREACHABLE_CODE</key>
				<string>YES</string>
				<key>CLANG_WARN__DUPLICATE_METHOD_MATCH</key>
				<string>YES</string>
				<key>CODE_SIGN_IDENTITY[sdk=iphoneos*]</key>
				<string>iPhone Developer</string>
				<key>COPY_PHASE_STRIP</key>
				<string>NO</string>
				<key>ENABLE_STRICT_OBJC_MSGSEND</key>
				<string>YES</string>
				<key>GCC_C_LANGUAGE_STANDARD</key>
				<string>gnu99</string>
				<key>GCC_DYNAMIC_NO_PIC</key>
				<string>NO</string>
				<key>GCC_OPTIMIZATION_LEVEL</key>
				<string>0</string>
				<key>GCC_PREPROCESSOR_DEFINITIONS</key>
				<array>
					<string>DEBUG=1</string>
					<string>$(inherited)</string>
				</array>
				<key>GCC_SYMBOLS_PRIVATE_EXTERN</key>
				<string>NO</string>
				<key>GCC_WARN_64_TO_32_BIT_CONVERSION</key>
				<string>YES</string>
				<key>GCC_WARN_ABOUT_RETURN_TYPE</key>
				<string>YES_ERROR</string>
				<key>GCC_WARN_UNDECLARED_SELECTOR</key>
				<string>YES</string>
				<key>GCC_WARN_UNINITIALIZED_AUTOS</key>
				<string>YES_AGGRESSIVE</string>
				<key>GCC_WARN_UNUSED_FUNCTION</key>
				<string>YES</string>
				<key>GCC_WARN_UNUSED_VARIABLE</key>
				<string>YES</string>
				<key>IPHONEOS_DEPLOYMENT_TARGET</key>
				<string>8.0</string>
				<key>MTL_ENABLE_DEBUG_INFO</key>
				<string>YES</string>
				<key>ONLY_ACTIVE_ARCH</key>
				<string>YES</string>
				<key>SDKROOT</key>
				<string>iphoneos</string>
			</dict>
			<key>isa</key>
			<string>XCBuildConfiguration</string>
			<key>name</key>
			<string>Debug</string>
		</dict>
		<key>A379665F19E08017009C22CE</key>
		<dict>
			<key>buildSettings</key>
			<dict>
				<key>ALWAYS_SEARCH_USER_PATHS</key>
				<string>NO</string>
				<key>CLANG_CXX_LANGUAGE_STANDARD</key>
				<string>gnu++0x</string>
				<key>CLANG_CXX_LIBRARY</key>
				<string>libc++</string>
				<key>CLANG_ENABLE_MODULES</key>
				<string>YES</string>
				<key>CLANG_ENABLE_OBJC_ARC</key>
				<string>YES</string>
				<key>CLANG_WARN_BOOL_CONVERSION</key>
				<string>YES</string>
				<key>CLANG_WARN_CONSTANT_CONVERSION</key>
				<string>YES</string>
				<key>CLANG_WARN_DIRECT_OBJC_ISA_USAGE</key>
				<string>YES_ERROR</string>
				<key>CLANG_WARN_EMPTY_BODY</key>
				<string>YES</string>
				<key>CLANG_WARN_ENUM_CONVERSION</key>
				<string>YES</string>
				<key>CLANG_WARN_INT_CONVERSION</key>
				<string>YES</string>
				<key>CLANG_WARN_OBJC_ROOT_CLASS</key>
				<string>YES_ERROR</string>
				<key>CLANG_WARN_UNREACHABLE_CODE</key>
				<string>YES</string>
				<key>CLANG_WARN__DUPLICATE_METHOD_MATCH</key>
				<string>YES</string>
				<key>CODE_SIGN_IDENTITY[sdk=iphoneos*]</key>
				<string>iPhone Developer</string>
				<key>COPY_PHASE_STRIP</key>
				<string>YES</string>
				<key>ENABLE_NS_ASSERTIONS</key>
				<string>NO</string>
				<key>ENABLE_STRICT_OBJC_MSGSEND</key>
				<string>YES</string>
				<key>GCC_C_LANGUAGE_STANDARD</key>
				<string>gnu99</string>
				<key>GCC_WARN_64_TO_32_BIT_CONVERSION</key>
				<string>YES</string>
				<key>GCC_WARN_ABOUT_RETURN_TYPE</key>
				<string>YES_ERROR</string>
				<key>GCC_WARN_UNDECLARED_SELECTOR</key>
				<string>YES</string>
				<key>GCC_WARN_UNINITIALIZED_AUTOS</key>
				<string>YES_AGGRESSIVE</string>
				<key>GCC_WARN_UNUSED_FUNCTION</key>
				<string>YES</string>
				<key>GCC_WARN_UNUSED_VARIABLE</key>
				<string>YES</string>
				<key>IPHONEOS_DEPLOYMENT_TARGET</key>
				<string>8.0</string>
				<key>MTL_ENABLE_DEBUG_INFO</key>
				<string>NO</string>
				<key>SDKROOT</key>
				<string>iphoneos</string>
				<key>VALIDATE_PRODUCT</key>
				<string>YES</string>
			</dict>
			<key>isa</key>
			<string>XCBuildConfiguration</string>
			<key>name</key>
			<string>Release</string>
		</dict>
		<key>A379666019E08017009C22CE</key>
		<dict>
			<key>buildConfigurations</key>
			<array>
				<string>A379666119E08017009C22CE</string>
				<string>A379666219E08017009C22CE</string>
			</array>
			<key>defaultConfigurationIsVisible</key>
			<string>0</string>
			<key>defaultConfigurationName</key>
			<string>Release</string>
			<key>isa</key>
			<string>XCConfigurationList</string>
		</dict>
		<key>A379666119E08017009C22CE</key>
		<dict>
			<key>baseConfigurationReference</key>
			<string>B19D41855F843BC091619DB7</string>
			<key>buildSettings</key>
			<dict>
				<key>ASSETCATALOG_COMPILER_APPICON_NAME</key>
				<string>AppIcon</string>
				<key>CODE_SIGN_IDENTITY</key>
				<string>iPhone Developer</string>
				<key>CODE_SIGN_IDENTITY[sdk=iphoneos*]</key>
				<string>iPhone Developer</string>
				<key>INFOPLIST_FILE</key>
				<string>FyberChallenge/Info.plist</string>
				<key>IPHONEOS_DEPLOYMENT_TARGET</key>
				<string>8.0</string>
				<key>LD_RUNPATH_SEARCH_PATHS</key>
				<string>$(inherited) @executable_path/Frameworks</string>
				<key>PRODUCT_NAME</key>
				<string>$(TARGET_NAME)</string>
				<key>PROVISIONING_PROFILE</key>
				<string></string>
			</dict>
			<key>isa</key>
			<string>XCBuildConfiguration</string>
			<key>name</key>
			<string>Debug</string>
		</dict>
		<key>A379666219E08017009C22CE</key>
		<dict>
			<key>baseConfigurationReference</key>
			<string>39DE2FACC1CA9CA1CE78DC42</string>
			<key>buildSettings</key>
			<dict>
				<key>ASSETCATALOG_COMPILER_APPICON_NAME</key>
				<string>AppIcon</string>
				<key>CODE_SIGN_IDENTITY</key>
				<string>iPhone Developer</string>
				<key>CODE_SIGN_IDENTITY[sdk=iphoneos*]</key>
				<string>iPhone Developer</string>
				<key>INFOPLIST_FILE</key>
				<string>FyberChallenge/Info.plist</string>
				<key>IPHONEOS_DEPLOYMENT_TARGET</key>
				<string>8.0</string>
				<key>LD_RUNPATH_SEARCH_PATHS</key>
				<string>$(inherited) @executable_path/Frameworks</string>
				<key>PRODUCT_NAME</key>
				<string>$(TARGET_NAME)</string>
				<key>PROVISIONING_PROFILE</key>
				<string></string>
			</dict>
			<key>isa</key>
			<string>XCBuildConfiguration</string>
			<key>name</key>
			<string>Release</string>
		</dict>
		<key>A379666319E08017009C22CE</key>
		<dict>
			<key>buildConfigurations</key>
			<array>
				<string>A379666419E08017009C22CE</string>
				<string>A379666519E08017009C22CE</string>
			</array>
			<key>defaultConfigurationIsVisible</key>
			<string>0</string>
			<key>defaultConfigurationName</key>
			<string>Release</string>
			<key>isa</key>
			<string>XCConfigurationList</string>
		</dict>
		<key>A379666419E08017009C22CE</key>
		<dict>
			<key>baseConfigurationReference</key>
			<string>0F36F295B9A867FC15CD20AF</string>
			<key>buildSettings</key>
			<dict>
				<key>BUNDLE_LOADER</key>
				<string>$(BUILT_PRODUCTS_DIR)/FyberChallenge.app/FyberChallenge</string>
				<key>FRAMEWORK_SEARCH_PATHS</key>
				<array>
					<string>$(SDKROOT)/Developer/Library/Frameworks</string>
					<string>$(inherited)</string>
				</array>
				<key>GCC_PREPROCESSOR_DEFINITIONS</key>
				<array>
					<string>DEBUG=1</string>
					<string>$(inherited)</string>
				</array>
				<key>INFOPLIST_FILE</key>
				<string>FyberChallengeTests/Info.plist</string>
				<key>LD_RUNPATH_SEARCH_PATHS</key>
				<string>$(inherited) @executable_path/Frameworks @loader_path/Frameworks</string>
				<key>PRODUCT_NAME</key>
				<string>$(TARGET_NAME)</string>
				<key>TEST_HOST</key>
				<string>$(BUNDLE_LOADER)</string>
			</dict>
			<key>isa</key>
			<string>XCBuildConfiguration</string>
			<key>name</key>
			<string>Debug</string>
		</dict>
		<key>A379666519E08017009C22CE</key>
		<dict>
			<key>baseConfigurationReference</key>
			<string>474DF18FE013C109C2B00820</string>
			<key>buildSettings</key>
			<dict>
				<key>BUNDLE_LOADER</key>
				<string>$(TEST_HOST)</string>
				<key>FRAMEWORK_SEARCH_PATHS</key>
				<array>
					<string>$(SDKROOT)/Developer/Library/Frameworks</string>
					<string>$(inherited)</string>
				</array>
				<key>INFOPLIST_FILE</key>
				<string>FyberChallengeTests/Info.plist</string>
				<key>LD_RUNPATH_SEARCH_PATHS</key>
				<string>$(inherited) @executable_path/Frameworks @loader_path/Frameworks</string>
				<key>PRODUCT_NAME</key>
				<string>$(TARGET_NAME)</string>
				<key>TEST_HOST</key>
				<string>$(BUILT_PRODUCTS_DIR)/FyberChallenge.app/FyberChallenge</string>
			</dict>
			<key>isa</key>
			<string>XCBuildConfiguration</string>
			<key>name</key>
			<string>Release</string>
		</dict>
		<key>A379666619E08636009C22CE</key>
		<dict>
			<key>children</key>
			<array>
				<string>A379667C19E0B7DB009C22CE</string>
				<string>A379667D19E0B7DB009C22CE</string>
			</array>
			<key>isa</key>
			<string>PBXGroup</string>
			<key>path</key>
			<string>Model</string>
			<key>sourceTree</key>
			<string>&lt;group&gt;</string>
		</dict>
		<key>A379666719E0864B009C22CE</key>
		<dict>
			<key>children</key>
			<array>
				<string>A379666C19E09931009C22CE</string>
				<string>A379666D19E09931009C22CE</string>
			</array>
			<key>isa</key>
			<string>PBXGroup</string>
			<key>path</key>
			<string>APIService</string>
			<key>sourceTree</key>
			<string>&lt;group&gt;</string>
		</dict>
		<key>A379666819E08DDB009C22CE</key>
		<dict>
			<key>children</key>
			<array>
				<string>A379664719E08017009C22CE</string>
				<string>A379664819E08017009C22CE</string>
				<string>A379666919E08E83009C22CE</string>
				<string>A379666A19E08E83009C22CE</string>
				<string>A379668519E0D4DD009C22CE</string>
				<string>A379668619E0D4DD009C22CE</string>
			</array>
			<key>isa</key>
			<string>PBXGroup</string>
			<key>path</key>
			<string>Controllers</string>
			<key>sourceTree</key>
			<string>&lt;group&gt;</string>
		</dict>
		<key>A379666919E08E83009C22CE</key>
		<dict>
			<key>fileEncoding</key>
			<string>4</string>
			<key>isa</key>
			<string>PBXFileReference</string>
			<key>lastKnownFileType</key>
			<string>sourcecode.c.h</string>
			<key>path</key>
			<string>OfferWallTableViewController.h</string>
			<key>sourceTree</key>
			<string>&lt;group&gt;</string>
		</dict>
		<key>A379666A19E08E83009C22CE</key>
		<dict>
			<key>fileEncoding</key>
			<string>4</string>
			<key>isa</key>
			<string>PBXFileReference</string>
			<key>lastKnownFileType</key>
			<string>sourcecode.c.objc</string>
			<key>path</key>
			<string>OfferWallTableViewController.m</string>
			<key>sourceTree</key>
			<string>&lt;group&gt;</string>
		</dict>
		<key>A379666B19E08E83009C22CE</key>
		<dict>
			<key>fileRef</key>
			<string>A379666A19E08E83009C22CE</string>
			<key>isa</key>
			<string>PBXBuildFile</string>
		</dict>
		<key>A379666C19E09931009C22CE</key>
		<dict>
			<key>fileEncoding</key>
			<string>4</string>
			<key>isa</key>
			<string>PBXFileReference</string>
			<key>lastKnownFileType</key>
			<string>sourcecode.c.h</string>
			<key>path</key>
			<string>APIService.h</string>
			<key>sourceTree</key>
			<string>&lt;group&gt;</string>
		</dict>
		<key>A379666D19E09931009C22CE</key>
		<dict>
			<key>fileEncoding</key>
			<string>4</string>
			<key>isa</key>
			<string>PBXFileReference</string>
			<key>lastKnownFileType</key>
			<string>sourcecode.c.objc</string>
			<key>path</key>
			<string>APIService.m</string>
			<key>sourceTree</key>
			<string>&lt;group&gt;</string>
		</dict>
		<key>A379666E19E09931009C22CE</key>
		<dict>
			<key>fileRef</key>
			<string>A379666D19E09931009C22CE</string>
			<key>isa</key>
			<string>PBXBuildFile</string>
		</dict>
		<key>A379666F19E09C08009C22CE</key>
		<dict>
			<key>children</key>
			<array>
				<string>A379667019E09C41009C22CE</string>
				<string>A379667119E09C41009C22CE</string>
			</array>
			<key>isa</key>
			<string>PBXGroup</string>
			<key>path</key>
			<string>Categories</string>
			<key>sourceTree</key>
			<string>&lt;group&gt;</string>
		</dict>
		<key>A379667019E09C41009C22CE</key>
		<dict>
			<key>fileEncoding</key>
			<string>4</string>
			<key>isa</key>
			<string>PBXFileReference</string>
			<key>lastKnownFileType</key>
			<string>sourcecode.c.h</string>
			<key>path</key>
			<string>NSString+SHA1.h</string>
			<key>sourceTree</key>
			<string>&lt;group&gt;</string>
		</dict>
		<key>A379667119E09C41009C22CE</key>
		<dict>
			<key>fileEncoding</key>
			<string>4</string>
			<key>isa</key>
			<string>PBXFileReference</string>
			<key>lastKnownFileType</key>
			<string>sourcecode.c.objc</string>
			<key>path</key>
			<string>NSString+SHA1.m</string>
			<key>sourceTree</key>
			<string>&lt;group&gt;</string>
		</dict>
		<key>A379667219E09C41009C22CE</key>
		<dict>
			<key>fileRef</key>
			<string>A379667119E09C41009C22CE</string>
			<key>isa</key>
			<string>PBXBuildFile</string>
		</dict>
		<key>A379667619E0A1FC009C22CE</key>
		<dict>
			<key>children</key>
			<array>
				<string>A379667719E0A204009C22CE</string>
				<string>A379667819E0A204009C22CE</string>
			</array>
			<key>isa</key>
			<string>PBXGroup</string>
			<key>path</key>
			<string>Helper</string>
			<key>sourceTree</key>
			<string>&lt;group&gt;</string>
		</dict>
		<key>A379667719E0A204009C22CE</key>
		<dict>
			<key>fileEncoding</key>
			<string>4</string>
			<key>isa</key>
			<string>PBXFileReference</string>
			<key>lastKnownFileType</key>
			<string>sourcecode.c.h</string>
			<key>path</key>
			<string>Helper.h</string>
			<key>sourceTree</key>
			<string>&lt;group&gt;</string>
		</dict>
		<key>A379667819E0A204009C22CE</key>
		<dict>
			<key>fileEncoding</key>
			<string>4</string>
			<key>isa</key>
			<string>PBXFileReference</string>
			<key>lastKnownFileType</key>
			<string>sourcecode.c.objc</string>
			<key>path</key>
			<string>Helper.m</string>
			<key>sourceTree</key>
			<string>&lt;group&gt;</string>
		</dict>
		<key>A379667919E0A204009C22CE</key>
		<dict>
			<key>fileRef</key>
			<string>A379667819E0A204009C22CE</string>
			<key>isa</key>
			<string>PBXBuildFile</string>
		</dict>
		<key>A379667A19E0B6BB009C22CE</key>
		<dict>
			<key>isa</key>
			<string>PBXFileReference</string>
			<key>lastKnownFileType</key>
			<string>wrapper.framework</string>
			<key>name</key>
			<string>AdSupport.framework</string>
			<key>path</key>
			<string>System/Library/Frameworks/AdSupport.framework</string>
			<key>sourceTree</key>
			<string>SDKROOT</string>
		</dict>
		<key>A379667B19E0B6BB009C22CE</key>
		<dict>
			<key>fileRef</key>
			<string>A379667A19E0B6BB009C22CE</string>
			<key>isa</key>
			<string>PBXBuildFile</string>
		</dict>
		<key>A379667C19E0B7DB009C22CE</key>
		<dict>
			<key>fileEncoding</key>
			<string>4</string>
			<key>isa</key>
			<string>PBXFileReference</string>
			<key>lastKnownFileType</key>
			<string>sourcecode.c.h</string>
			<key>path</key>
			<string>Offer.h</string>
			<key>sourceTree</key>
			<string>&lt;group&gt;</string>
		</dict>
		<key>A379667D19E0B7DB009C22CE</key>
		<dict>
			<key>fileEncoding</key>
			<string>4</string>
			<key>isa</key>
			<string>PBXFileReference</string>
			<key>lastKnownFileType</key>
			<string>sourcecode.c.objc</string>
			<key>path</key>
			<string>Offer.m</string>
			<key>sourceTree</key>
			<string>&lt;group&gt;</string>
		</dict>
		<key>A379667E19E0B7DB009C22CE</key>
		<dict>
			<key>fileRef</key>
			<string>A379667D19E0B7DB009C22CE</string>
			<key>isa</key>
			<string>PBXBuildFile</string>
		</dict>
		<key>A379667F19E0BE66009C22CE</key>
		<dict>
			<key>children</key>
			<array>
				<string>A379668019E0BE8E009C22CE</string>
				<string>A379668119E0BE8E009C22CE</string>
				<string>A379668319E0CDF1009C22CE</string>
			</array>
			<key>isa</key>
			<string>PBXGroup</string>
			<key>path</key>
			<string>CustomCell</string>
			<key>sourceTree</key>
			<string>&lt;group&gt;</string>
		</dict>
		<key>A379668019E0BE8E009C22CE</key>
		<dict>
			<key>fileEncoding</key>
			<string>4</string>
			<key>isa</key>
			<string>PBXFileReference</string>
			<key>lastKnownFileType</key>
			<string>sourcecode.c.h</string>
			<key>path</key>
			<string>OfferCustomTableViewCell.h</string>
			<key>sourceTree</key>
			<string>&lt;group&gt;</string>
		</dict>
		<key>A379668119E0BE8E009C22CE</key>
		<dict>
			<key>fileEncoding</key>
			<string>4</string>
			<key>isa</key>
			<string>PBXFileReference</string>
			<key>lastKnownFileType</key>
			<string>sourcecode.c.objc</string>
			<key>path</key>
			<string>OfferCustomTableViewCell.m</string>
			<key>sourceTree</key>
			<string>&lt;group&gt;</string>
		</dict>
		<key>A379668219E0BE8E009C22CE</key>
		<dict>
			<key>fileRef</key>
			<string>A379668119E0BE8E009C22CE</string>
			<key>isa</key>
			<string>PBXBuildFile</string>
		</dict>
		<key>A379668319E0CDF1009C22CE</key>
		<dict>
			<key>fileEncoding</key>
			<string>4</string>
			<key>isa</key>
			<string>PBXFileReference</string>
			<key>lastKnownFileType</key>
			<string>file.xib</string>
			<key>path</key>
			<string>OfferCustomTableViewCell.xib</string>
			<key>sourceTree</key>
			<string>&lt;group&gt;</string>
		</dict>
		<key>A379668419E0CDF1009C22CE</key>
		<dict>
			<key>fileRef</key>
			<string>A379668319E0CDF1009C22CE</string>
			<key>isa</key>
			<string>PBXBuildFile</string>
		</dict>
		<key>A379668519E0D4DD009C22CE</key>
		<dict>
			<key>fileEncoding</key>
			<string>4</string>
			<key>isa</key>
			<string>PBXFileReference</string>
			<key>lastKnownFileType</key>
			<string>sourcecode.c.h</string>
			<key>path</key>
			<string>WebViewController.h</string>
			<key>sourceTree</key>
			<string>&lt;group&gt;</string>
		</dict>
		<key>A379668619E0D4DD009C22CE</key>
		<dict>
			<key>fileEncoding</key>
			<string>4</string>
			<key>isa</key>
			<string>PBXFileReference</string>
			<key>lastKnownFileType</key>
			<string>sourcecode.c.objc</string>
			<key>path</key>
			<string>WebViewController.m</string>
			<key>sourceTree</key>
			<string>&lt;group&gt;</string>
		</dict>
		<key>A379668719E0D4DD009C22CE</key>
		<dict>
			<key>fileRef</key>
			<string>A379668619E0D4DD009C22CE</string>
			<key>isa</key>
			<string>PBXBuildFile</string>
		</dict>
		<key>B19D41855F843BC091619DB7</key>
		<dict>
			<key>includeInIndex</key>
			<string>1</string>
			<key>isa</key>
			<string>PBXFileReference</string>
			<key>lastKnownFileType</key>
			<string>text.xcconfig</string>
			<key>name</key>
			<string>Pods-FyberChallenge.debug.xcconfig</string>
			<key>path</key>
			<string>Pods/Target Support Files/Pods-FyberChallenge/Pods-FyberChallenge.debug.xcconfig</string>
			<key>sourceTree</key>
			<string>&lt;group&gt;</string>
		</dict>
		<key>F444D7C92A094142A978E756</key>
		<dict>
			<key>explicitFileType</key>
			<string>archive.ar</string>
			<key>includeInIndex</key>
			<string>0</string>
			<key>isa</key>
			<string>PBXFileReference</string>
			<key>path</key>
			<string>libPods-FyberChallengeTests.a</string>
			<key>sourceTree</key>
			<string>BUILT_PRODUCTS_DIR</string>
		</dict>
	</dict>
	<key>rootObject</key>
	<string>A379663519E08017009C22CE</string>
</dict>
</plist>
